
Microsoft Visual Studio Solution File, Format Version 12.00
# Visual Studio Version 17
VisualStudioVersion = 17.9.34728.123
MinimumVisualStudioVersion = 10.0.40219.1
Project("{8BC9CEB8-8B4A-11D0-8D11-00A0C91BC942}") = "baseball", "baseball\baseball.vcxproj", "{754B5053-DDE5-4BB9-B8F4-0FADC1D994BC}"
EndProject
Project("{8BC9CEB8-8B4A-11D0-8D11-00A0C91BC942}") = "Sample-Test1", "Sample-Test1\Sample-Test1.vcxproj", "{39CBEEE9-68DA-42D1-AF54-81AD90EDDE4B}"
EndProject
Project("{2150E333-8FDC-42A3-9474-1A3956D46DE8}") = "솔루션 항목", "솔루션 항목", "{8CEC3EDF-FB6B-4544-9BB5-B331FC96A2BF}"
	ProjectSection(SolutionItems) = preProject
		.gitignore = .gitignore
	EndProjectSection
EndProject
Global
	GlobalSection(SolutionConfigurationPlatforms) = preSolution
		Debug|x64 = Debug|x64
		Debug|x86 = Debug|x86
		Release|x64 = Release|x64
		Release|x86 = Release|x86
	EndGlobalSection
	GlobalSection(ProjectConfigurationPlatforms) = postSolution
		{754B5053-DDE5-4BB9-B8F4-0FADC1D994BC}.Debug|x64.ActiveCfg = Debug|x64
		{754B5053-DDE5-4BB9-B8F4-0FADC1D994BC}.Debug|x64.Build.0 = Debug|x64
		{754B5053-DDE5-4BB9-B8F4-0FADC1D994BC}.Debug|x86.ActiveCfg = Debug|Win32
		{754B5053-DDE5-4BB9-B8F4-0FADC1D994BC}.Debug|x86.Build.0 = Debug|Win32
		{754B5053-DDE5-4BB9-B8F4-0FADC1D994BC}.Release|x64.ActiveCfg = Release|x64
		{754B5053-DDE5-4BB9-B8F4-0FADC1D994BC}.Release|x64.Build.0 = Release|x64
		{754B5053-DDE5-4BB9-B8F4-0FADC1D994BC}.Release|x86.ActiveCfg = Release|Win32
		{754B5053-DDE5-4BB9-B8F4-0FADC1D994BC}.Release|x86.Build.0 = Release|Win32
		{39CBEEE9-68DA-42D1-AF54-81AD90EDDE4B}.Debug|x64.ActiveCfg = Debug|x64
		{39CBEEE9-68DA-42D1-AF54-81AD90EDDE4B}.Debug|x64.Build.0 = Debug|x64
		{39CBEEE9-68DA-42D1-AF54-81AD90EDDE4B}.Debug|x86.ActiveCfg = Debug|Win32
		{39CBEEE9-68DA-42D1-AF54-81AD90EDDE4B}.Debug|x86.Build.0 = Debug|Win32
		{39CBEEE9-68DA-42D1-AF54-81AD90EDDE4B}.Release|x64.ActiveCfg = Release|x64
		{39CBEEE9-68DA-42D1-AF54-81AD90EDDE4B}.Release|x64.Build.0 = Release|x64
		{39CBEEE9-68DA-42D1-AF54-81AD90EDDE4B}.Release|x86.ActiveCfg = Release|Win32
		{39CBEEE9-68DA-42D1-AF54-81AD90EDDE4B}.Release|x86.Build.0 = Release|Win32
	EndGlobalSection
	GlobalSection(SolutionProperties) = preSolution
		HideSolutionNode = FALSE
	EndGlobalSection
	GlobalSection(ExtensibilityGlobals) = postSolution
		SolutionGuid = {3C46192E-E156-4AF8-9FBC-4765AB76534C}
	EndGlobalSection
EndGlobal
